// !$*UTF8*$!
{
	archiveVersion = 1;
	classes = {
	};
	objectVersion = 50;
	objects = {

/* Begin PBXBuildFile section */
		2DDF9A172360AE8C008570CA /* AppDelegate.swift in Sources */ = {isa = PBXBuildFile; fileRef = 2DDF9A162360AE8C008570CA /* AppDelegate.swift */; };
		2DDF9A1C2360AE8C008570CA /* Main.storyboard in Resources */ = {isa = PBXBuildFile; fileRef = 2DDF9A1A2360AE8C008570CA /* Main.storyboard */; };
		2DDF9A1E2360AE8C008570CA /* Assets.xcassets in Resources */ = {isa = PBXBuildFile; fileRef = 2DDF9A1D2360AE8C008570CA /* Assets.xcassets */; };
		2DDF9A2D2360B046008570CA /* LoginViewController.swift in Sources */ = {isa = PBXBuildFile; fileRef = 2DDF9A2C2360B046008570CA /* LoginViewController.swift */; };
		2DDF9A32236121C4008570CA /* POSTSessionRequest.swift in Sources */ = {isa = PBXBuildFile; fileRef = 2DDF9A31236121C4008570CA /* POSTSessionRequest.swift */; };
		2DDF9A34236256F0008570CA /* MapViewController.swift in Sources */ = {isa = PBXBuildFile; fileRef = 2DDF9A33236256F0008570CA /* MapViewController.swift */; };
		2DDF9A3623625709008570CA /* ListViewController.swift in Sources */ = {isa = PBXBuildFile; fileRef = 2DDF9A3523625709008570CA /* ListViewController.swift */; };
		2DEE8EC62361BD1100CD84D8 /* POSTSessionResponse.swift in Sources */ = {isa = PBXBuildFile; fileRef = 2DEE8EC52361BD1100CD84D8 /* POSTSessionResponse.swift */; };
		2DEE8EC82361BEA300CD84D8 /* UdacityClient.swift in Sources */ = {isa = PBXBuildFile; fileRef = 2DEE8EC72361BEA300CD84D8 /* UdacityClient.swift */; };
		2DEE8ECB2361C10200CD84D8 /* NetworkingTasks.swift in Sources */ = {isa = PBXBuildFile; fileRef = 2DEE8ECA2361C10200CD84D8 /* NetworkingTasks.swift */; };
		A0694926236318B9005632E4 /* StudentLocationResponse.swift in Sources */ = {isa = PBXBuildFile; fileRef = A0694925236318B9005632E4 /* StudentLocationResponse.swift */; };
		A069492C2363674E005632E4 /* StudentInformation.swift in Sources */ = {isa = PBXBuildFile; fileRef = A069492B2363674E005632E4 /* StudentInformation.swift */; };
		A069493423639C98005632E4 /* LocationModel.swift in Sources */ = {isa = PBXBuildFile; fileRef = A069493323639C98005632E4 /* LocationModel.swift */; };
		A06949362363C22C005632E4 /* AddLocationViewController.swift in Sources */ = {isa = PBXBuildFile; fileRef = A06949352363C22C005632E4 /* AddLocationViewController.swift */; };
		A06949382363C249005632E4 /* AddLocationMapViewController.swift in Sources */ = {isa = PBXBuildFile; fileRef = A06949372363C249005632E4 /* AddLocationMapViewController.swift */; };
/* End PBXBuildFile section */

/* Begin PBXFileReference section */
		2DDF9A132360AE8C008570CA /* OnTheMap.app */ = {isa = PBXFileReference; explicitFileType = wrapper.application; includeInIndex = 0; path = OnTheMap.app; sourceTree = BUILT_PRODUCTS_DIR; };
		2DDF9A162360AE8C008570CA /* AppDelegate.swift */ = {isa = PBXFileReference; lastKnownFileType = sourcecode.swift; path = AppDelegate.swift; sourceTree = "<group>"; };
		2DDF9A1B2360AE8C008570CA /* Base */ = {isa = PBXFileReference; lastKnownFileType = file.storyboard; name = Base; path = Base.lproj/Main.storyboard; sourceTree = "<group>"; };
		2DDF9A1D2360AE8C008570CA /* Assets.xcassets */ = {isa = PBXFileReference; lastKnownFileType = folder.assetcatalog; path = Assets.xcassets; sourceTree = "<group>"; };
		2DDF9A222360AE8C008570CA /* Info.plist */ = {isa = PBXFileReference; lastKnownFileType = text.plist.xml; path = Info.plist; sourceTree = "<group>"; };
		2DDF9A2C2360B046008570CA /* LoginViewController.swift */ = {isa = PBXFileReference; lastKnownFileType = sourcecode.swift; path = LoginViewController.swift; sourceTree = "<group>"; };
		2DDF9A31236121C4008570CA /* POSTSessionRequest.swift */ = {isa = PBXFileReference; lastKnownFileType = sourcecode.swift; path = POSTSessionRequest.swift; sourceTree = "<group>"; };
		2DDF9A33236256F0008570CA /* MapViewController.swift */ = {isa = PBXFileReference; lastKnownFileType = sourcecode.swift; path = MapViewController.swift; sourceTree = "<group>"; };
		2DDF9A3523625709008570CA /* ListViewController.swift */ = {isa = PBXFileReference; lastKnownFileType = sourcecode.swift; path = ListViewController.swift; sourceTree = "<group>"; };
		2DEE8EC52361BD1100CD84D8 /* POSTSessionResponse.swift */ = {isa = PBXFileReference; lastKnownFileType = sourcecode.swift; path = POSTSessionResponse.swift; sourceTree = "<group>"; };
		2DEE8EC72361BEA300CD84D8 /* UdacityClient.swift */ = {isa = PBXFileReference; lastKnownFileType = sourcecode.swift; path = UdacityClient.swift; sourceTree = "<group>"; };
		2DEE8ECA2361C10200CD84D8 /* NetworkingTasks.swift */ = {isa = PBXFileReference; lastKnownFileType = sourcecode.swift; path = NetworkingTasks.swift; sourceTree = "<group>"; };
		A0694925236318B9005632E4 /* StudentLocationResponse.swift */ = {isa = PBXFileReference; lastKnownFileType = sourcecode.swift; path = StudentLocationResponse.swift; sourceTree = "<group>"; };
		A069492B2363674E005632E4 /* StudentInformation.swift */ = {isa = PBXFileReference; lastKnownFileType = sourcecode.swift; path = StudentInformation.swift; sourceTree = "<group>"; };
		A069493323639C98005632E4 /* LocationModel.swift */ = {isa = PBXFileReference; lastKnownFileType = sourcecode.swift; path = LocationModel.swift; sourceTree = "<group>"; };
		A06949352363C22C005632E4 /* AddLocationViewController.swift */ = {isa = PBXFileReference; lastKnownFileType = sourcecode.swift; path = AddLocationViewController.swift; sourceTree = "<group>"; };
		A06949372363C249005632E4 /* AddLocationMapViewController.swift */ = {isa = PBXFileReference; lastKnownFileType = sourcecode.swift; path = AddLocationMapViewController.swift; sourceTree = "<group>"; };
/* End PBXFileReference section */

/* Begin PBXFrameworksBuildPhase section */
		2DDF9A102360AE8C008570CA /* Frameworks */ = {
			isa = PBXFrameworksBuildPhase;
			buildActionMask = 2147483647;
			files = (
			);
			runOnlyForDeploymentPostprocessing = 0;
		};
/* End PBXFrameworksBuildPhase section */

/* Begin PBXGroup section */
		2DDF9A0A2360AE8C008570CA = {
			isa = PBXGroup;
			children = (
				2DDF9A152360AE8C008570CA /* OnTheMap */,
				2DDF9A142360AE8C008570CA /* Products */,
			);
			sourceTree = "<group>";
		};
		2DDF9A142360AE8C008570CA /* Products */ = {
			isa = PBXGroup;
			children = (
				2DDF9A132360AE8C008570CA /* OnTheMap.app */,
			);
			name = Products;
			sourceTree = "<group>";
		};
		2DDF9A152360AE8C008570CA /* OnTheMap */ = {
			isa = PBXGroup;
			children = (
				2DDF9A222360AE8C008570CA /* Info.plist */,
				2DDF9A162360AE8C008570CA /* AppDelegate.swift */,
				2DDF9A2A2360AEA7008570CA /* Controller */,
				2DDF9A282360AE96008570CA /* Model */,
				2DDF9A2B2360AF63008570CA /* Assets */,
			);
			path = OnTheMap;
			sourceTree = "<group>";
		};
		2DDF9A282360AE96008570CA /* Model */ = {
			isa = PBXGroup;
			children = (
				A069493223639C5F005632E4 /* Data */,
				2DEE8EC92361C0C900CD84D8 /* NetvorkingTasks */,
				2DDF9A3023612170008570CA /* UdacityAPI */,
			);
			path = Model;
			sourceTree = "<group>";
		};
		2DDF9A2A2360AEA7008570CA /* Controller */ = {
			isa = PBXGroup;
			children = (
				2DDF9A2C2360B046008570CA /* LoginViewController.swift */,
				2DDF9A33236256F0008570CA /* MapViewController.swift */,
				2DDF9A3523625709008570CA /* ListViewController.swift */,
				A06949352363C22C005632E4 /* AddLocationViewController.swift */,
				A06949372363C249005632E4 /* AddLocationMapViewController.swift */,
			);
			path = Controller;
			sourceTree = "<group>";
		};
		2DDF9A2B2360AF63008570CA /* Assets */ = {
			isa = PBXGroup;
			children = (
				2DDF9A1D2360AE8C008570CA /* Assets.xcassets */,
				2DDF9A1A2360AE8C008570CA /* Main.storyboard */,
			);
			path = Assets;
			sourceTree = "<group>";
		};
		2DDF9A3023612170008570CA /* UdacityAPI */ = {
			isa = PBXGroup;
			children = (
				A0694925236318B9005632E4 /* StudentLocationResponse.swift */,
				2DDF9A31236121C4008570CA /* POSTSessionRequest.swift */,
				2DEE8EC52361BD1100CD84D8 /* POSTSessionResponse.swift */,
				2DEE8EC72361BEA300CD84D8 /* UdacityClient.swift */,
				A069492B2363674E005632E4 /* StudentInformation.swift */,
			);
			path = UdacityAPI;
			sourceTree = "<group>";
		};
		2DEE8EC92361C0C900CD84D8 /* NetvorkingTasks */ = {
			isa = PBXGroup;
			children = (
				2DEE8ECA2361C10200CD84D8 /* NetworkingTasks.swift */,
			);
			path = NetvorkingTasks;
			sourceTree = "<group>";
		};
		A069493223639C5F005632E4 /* Data */ = {
			isa = PBXGroup;
			children = (
				A069493323639C98005632E4 /* LocationModel.swift */,
			);
			path = Data;
			sourceTree = "<group>";
		};
/* End PBXGroup section */

/* Begin PBXNativeTarget section */
		2DDF9A122360AE8C008570CA /* OnTheMap */ = {
			isa = PBXNativeTarget;
			buildConfigurationList = 2DDF9A252360AE8C008570CA /* Build configuration list for PBXNativeTarget "OnTheMap" */;
			buildPhases = (
				2DDF9A0F2360AE8C008570CA /* Sources */,
				2DDF9A102360AE8C008570CA /* Frameworks */,
				2DDF9A112360AE8C008570CA /* Resources */,
			);
			buildRules = (
			);
			dependencies = (
			);
			name = OnTheMap;
			productName = OnTheMap;
			productReference = 2DDF9A132360AE8C008570CA /* OnTheMap.app */;
			productType = "com.apple.product-type.application";
		};
/* End PBXNativeTarget section */

/* Begin PBXProject section */
		2DDF9A0B2360AE8C008570CA /* Project object */ = {
			isa = PBXProject;
			attributes = {
				LastSwiftUpdateCheck = 1020;
				LastUpgradeCheck = 1020;
				ORGANIZATIONNAME = "Anna Kulaieva";
				TargetAttributes = {
					2DDF9A122360AE8C008570CA = {
						CreatedOnToolsVersion = 10.2.1;
					};
				};
			};
			buildConfigurationList = 2DDF9A0E2360AE8C008570CA /* Build configuration list for PBXProject "OnTheMap" */;
			compatibilityVersion = "Xcode 9.3";
			developmentRegion = en;
			hasScannedForEncodings = 0;
			knownRegions = (
				en,
				Base,
			);
			mainGroup = 2DDF9A0A2360AE8C008570CA;
			productRefGroup = 2DDF9A142360AE8C008570CA /* Products */;
			projectDirPath = "";
			projectRoot = "";
			targets = (
				2DDF9A122360AE8C008570CA /* OnTheMap */,
			);
		};
/* End PBXProject section */

/* Begin PBXResourcesBuildPhase section */
		2DDF9A112360AE8C008570CA /* Resources */ = {
			isa = PBXResourcesBuildPhase;
			buildActionMask = 2147483647;
			files = (
				2DDF9A1E2360AE8C008570CA /* Assets.xcassets in Resources */,
				2DDF9A1C2360AE8C008570CA /* Main.storyboard in Resources */,
			);
			runOnlyForDeploymentPostprocessing = 0;
		};
/* End PBXResourcesBuildPhase section */

/* Begin PBXSourcesBuildPhase section */
		2DDF9A0F2360AE8C008570CA /* Sources */ = {
			isa = PBXSourcesBuildPhase;
			buildActionMask = 2147483647;
			files = (
				2DEE8ECB2361C10200CD84D8 /* NetworkingTasks.swift in Sources */,
				2DEE8EC82361BEA300CD84D8 /* UdacityClient.swift in Sources */,
				A0694926236318B9005632E4 /* StudentLocationResponse.swift in Sources */,
				2DDF9A32236121C4008570CA /* POSTSessionRequest.swift in Sources */,
				2DEE8EC62361BD1100CD84D8 /* POSTSessionResponse.swift in Sources */,
				A069493423639C98005632E4 /* LocationModel.swift in Sources */,
				2DDF9A2D2360B046008570CA /* LoginViewController.swift in Sources */,
				A06949362363C22C005632E4 /* AddLocationViewController.swift in Sources */,
				A06949382363C249005632E4 /* AddLocationMapViewController.swift in Sources */,
				2DDF9A172360AE8C008570CA /* AppDelegate.swift in Sources */,
				2DDF9A3623625709008570CA /* ListViewController.swift in Sources */,
				A069492C2363674E005632E4 /* StudentInformation.swift in Sources */,
				2DDF9A34236256F0008570CA /* MapViewController.swift in Sources */,
			);
			runOnlyForDeploymentPostprocessing = 0;
		};
/* End PBXSourcesBuildPhase section */

/* Begin PBXVariantGroup section */
		2DDF9A1A2360AE8C008570CA /* Main.storyboard */ = {
			isa = PBXVariantGroup;
			children = (
				2DDF9A1B2360AE8C008570CA /* Base */,
			);
			name = Main.storyboard;
			sourceTree = "<group>";
		};
/* End PBXVariantGroup section */

/* Begin XCBuildConfiguration section */
		2DDF9A232360AE8C008570CA /* Debug */ = {
			isa = XCBuildConfiguration;
			buildSettings = {
				ALWAYS_SEARCH_USER_PATHS = NO;
				CLANG_ANALYZER_NONNULL = YES;
				CLANG_ANALYZER_NUMBER_OBJECT_CONVERSION = YES_AGGRESSIVE;
				CLANG_CXX_LANGUAGE_STANDARD = "gnu++14";
				CLANG_CXX_LIBRARY = "libc++";
				CLANG_ENABLE_MODULES = YES;
				CLANG_ENABLE_OBJC_ARC = YES;
				CLANG_ENABLE_OBJC_WEAK = YES;
				CLANG_WARN_BLOCK_CAPTURE_AUTORELEASING = YES;
				CLANG_WARN_BOOL_CONVERSION = YES;
				CLANG_WARN_COMMA = YES;
				CLANG_WARN_CONSTANT_CONVERSION = YES;
				CLANG_WARN_DEPRECATED_OBJC_IMPLEMENTATIONS = YES;
				CLANG_WARN_DIRECT_OBJC_ISA_USAGE = YES_ERROR;
				CLANG_WARN_DOCUMENTATION_COMMENTS = YES;
				CLANG_WARN_EMPTY_BODY = YES;
				CLANG_WARN_ENUM_CONVERSION = YES;
				CLANG_WARN_INFINITE_RECURSION = YES;
				CLANG_WARN_INT_CONVERSION = YES;
				CLANG_WARN_NON_LITERAL_NULL_CONVERSION = YES;
				CLANG_WARN_OBJC_IMPLICIT_RETAIN_SELF = YES;
				CLANG_WARN_OBJC_LITERAL_CONVERSION = YES;
				CLANG_WARN_OBJC_ROOT_CLASS = YES_ERROR;
				CLANG_WARN_RANGE_LOOP_ANALYSIS = YES;
				CLANG_WARN_STRICT_PROTOTYPES = YES;
				CLANG_WARN_SUSPICIOUS_MOVE = YES;
				CLANG_WARN_UNGUARDED_AVAILABILITY = YES_AGGRESSIVE;
				CLANG_WARN_UNREACHABLE_CODE = YES;
				CLANG_WARN__DUPLICATE_METHOD_MATCH = YES;
				CODE_SIGN_IDENTITY = "iPhone Developer";
				COPY_PHASE_STRIP = NO;
				DEBUG_INFORMATION_FORMAT = dwarf;
				ENABLE_STRICT_OBJC_MSGSEND = YES;
				ENABLE_TESTABILITY = YES;
				GCC_C_LANGUAGE_STANDARD = gnu11;
				GCC_DYNAMIC_NO_PIC = NO;
				GCC_NO_COMMON_BLOCKS = YES;
				GCC_OPTIMIZATION_LEVEL = 0;
				GCC_PREPROCESSOR_DEFINITIONS = (
					"DEBUG=1",
					"$(inherited)",
				);
				GCC_WARN_64_TO_32_BIT_CONVERSION = YES;
				GCC_WARN_ABOUT_RETURN_TYPE = YES_ERROR;
				GCC_WARN_UNDECLARED_SELECTOR = YES;
				GCC_WARN_UNINITIALIZED_AUTOS = YES_AGGRESSIVE;
				GCC_WARN_UNUSED_FUNCTION = YES;
				GCC_WARN_UNUSED_VARIABLE = YES;
				IPHONEOS_DEPLOYMENT_TARGET = 12.2;
				MTL_ENABLE_DEBUG_INFO = INCLUDE_SOURCE;
				MTL_FAST_MATH = YES;
				ONLY_ACTIVE_ARCH = YES;
				SDKROOT = iphoneos;
				SWIFT_ACTIVE_COMPILATION_CONDITIONS = DEBUG;
				SWIFT_OPTIMIZATION_LEVEL = "-Onone";
			};
			name = Debug;
		};
		2DDF9A242360AE8C008570CA /* Release */ = {
			isa = XCBuildConfiguration;
			buildSettings = {
				ALWAYS_SEARCH_USER_PATHS = NO;
				CLANG_ANALYZER_NONNULL = YES;
				CLANG_ANALYZER_NUMBER_OBJECT_CONVERSION = YES_AGGRESSIVE;
				CLANG_CXX_LANGUAGE_STANDARD = "gnu++14";
				CLANG_CXX_LIBRARY = "libc++";
				CLANG_ENABLE_MODULES = YES;
				CLANG_ENABLE_OBJC_ARC = YES;
				CLANG_ENABLE_OBJC_WEAK = YES;
				CLANG_WARN_BLOCK_CAPTURE_AUTORELEASING = YES;
				CLANG_WARN_BOOL_CONVERSION = YES;
				CLANG_WARN_COMMA = YES;
				CLANG_WARN_CONSTANT_CONVERSION = YES;
				CLANG_WARN_DEPRECATED_OBJC_IMPLEMENTATIONS = YES;
				CLANG_WARN_DIRECT_OBJC_ISA_USAGE = YES_ERROR;
				CLANG_WARN_DOCUMENTATION_COMMENTS = YES;
				CLANG_WARN_EMPTY_BODY = YES;
				CLANG_WARN_ENUM_CONVERSION = YES;
				CLANG_WARN_INFINITE_RECURSION = YES;
				CLANG_WARN_INT_CONVERSION = YES;
				CLANG_WARN_NON_LITERAL_NULL_CONVERSION = YES;
				CLANG_WARN_OBJC_IMPLICIT_RETAIN_SELF = YES;
				CLANG_WARN_OBJC_LITERAL_CONVERSION = YES;
				CLANG_WARN_OBJC_ROOT_CLASS = YES_ERROR;
				CLANG_WARN_RANGE_LOOP_ANALYSIS = YES;
				CLANG_WARN_STRICT_PROTOTYPES = YES;
				CLANG_WARN_SUSPICIOUS_MOVE = YES;
				CLANG_WARN_UNGUARDED_AVAILABILITY = YES_AGGRESSIVE;
				CLANG_WARN_UNREACHABLE_CODE = YES;
				CLANG_WARN__DUPLICATE_METHOD_MATCH = YES;
				CODE_SIGN_IDENTITY = "iPhone Developer";
				COPY_PHASE_STRIP = NO;
				DEBUG_INFORMATION_FORMAT = "dwarf-with-dsym";
				ENABLE_NS_ASSERTIONS = NO;
				ENABLE_STRICT_OBJC_MSGSEND = YES;
				GCC_C_LANGUAGE_STANDARD = gnu11;
				GCC_NO_COMMON_BLOCKS = YES;
				GCC_WARN_64_TO_32_BIT_CONVERSION = YES;
				GCC_WARN_ABOUT_RETURN_TYPE = YES_ERROR;
				GCC_WARN_UNDECLARED_SELECTOR = YES;
				GCC_WARN_UNINITIALIZED_AUTOS = YES_AGGRESSIVE;
				GCC_WARN_UNUSED_FUNCTION = YES;
				GCC_WARN_UNUSED_VARIABLE = YES;
				IPHONEOS_DEPLOYMENT_TARGET = 12.2;
				MTL_ENABLE_DEBUG_INFO = NO;
				MTL_FAST_MATH = YES;
				SDKROOT = iphoneos;
				SWIFT_COMPILATION_MODE = wholemodule;
				SWIFT_OPTIMIZATION_LEVEL = "-O";
				VALIDATE_PRODUCT = YES;
			};
			name = Release;
		};
		2DDF9A262360AE8C008570CA /* Debug */ = {
			isa = XCBuildConfiguration;
			buildSettings = {
				ASSETCATALOG_COMPILER_APPICON_NAME = AppIcon;
				CODE_SIGN_STYLE = Automatic;
				DEVELOPMENT_TEAM = 7RLP9KGATX;
				INFOPLIST_FILE = OnTheMap/Info.plist;
				LD_RUNPATH_SEARCH_PATHS = (
					"$(inherited)",
					"@executable_path/Frameworks",
				);
				PRODUCT_BUNDLE_IDENTIFIER = com.udacity.OnTheMap;
				PRODUCT_NAME = "$(TARGET_NAME)";
				SWIFT_VERSION = 5.0;
				TARGETED_DEVICE_FAMILY = "1,2";
			};
			name = Debug;
		};
		2DDF9A272360AE8C008570CA /* Release */ = {
			isa = XCBuildConfiguration;
			buildSettings = {
				ASSETCATALOG_COMPILER_APPICON_NAME = AppIcon;
				CODE_SIGN_STYLE = Automatic;
				DEVELOPMENT_TEAM = 7RLP9KGATX;
				INFOPLIST_FILE = OnTheMap/Info.plist;
				LD_RUNPATH_SEARCH_PATHS = (
					"$(inherited)",
					"@executable_path/Frameworks",
				);
				PRODUCT_BUNDLE_IDENTIFIER = com.udacity.OnTheMap;
				PRODUCT_NAME = "$(TARGET_NAME)";
				SWIFT_VERSION = 5.0;
				TARGETED_DEVICE_FAMILY = "1,2";
			};
			name = Release;
		};
/* End XCBuildConfiguration section */

/* Begin XCConfigurationList section */
		2DDF9A0E2360AE8C008570CA /* Build configuration list for PBXProject "OnTheMap" */ = {
			isa = XCConfigurationList;
			buildConfigurations = (
				2DDF9A232360AE8C008570CA /* Debug */,
				2DDF9A242360AE8C008570CA /* Release */,
			);
			defaultConfigurationIsVisible = 0;
			defaultConfigurationName = Release;
		};
		2DDF9A252360AE8C008570CA /* Build configuration list for PBXNativeTarget "OnTheMap" */ = {
			isa = XCConfigurationList;
			buildConfigurations = (
				2DDF9A262360AE8C008570CA /* Debug */,
				2DDF9A272360AE8C008570CA /* Release */,
			);
			defaultConfigurationIsVisible = 0;
			defaultConfigurationName = Release;
		};
/* End XCConfigurationList section */
	};
	rootObject = 2DDF9A0B2360AE8C008570CA /* Project object */;
}
